# This file is automatically @generated by Poetry 2.2.1 and should not be changed by hand.

[[package]]
name = "s3ew"
version = "0.0.4"
description = "Sqlite Extensions and Wrappers"
optional = false
python-versions = "*"
groups = ["main"]
files = [
    {file = "s3ew-0.0.4-py3-none-any.whl", hash = "sha256:647711d2ec0881dd00312a1d1332e88cf4a40ffbfa9b4f6a4eff222e89f8e35b"},
    {file = "s3ew-0.0.4.tar.gz", hash = "sha256:51effbcd0d8aa295897cb48c16f990b591c1d8472567b084132725808f403341"},
]

[package.extras]
plugins = ["numpy", "pandas", "python-dateutil", "pytz", "six", "tzdata"]

[metadata]
lock-version = "2.1"
python-versions = ">=3.9"
content-hash = "c392e443b820e105c41047d3b0a580285ae721f00eee4dbac7108450c963a1a4"
